
Microsoft Visual Studio Solution File, Format Version 11.00
# Visual Studio 2010
Project("{FAE04EC0-301F-11D3-BF4B-00C04F79EFBC}") = "SpaceEscapeRoot", "Assembly-CSharp.csproj", "{21BD5E8F-84F2-04F2-696E-AF40D765006E}"
EndProject
Project("{FAE04EC0-301F-11D3-BF4B-00C04F79EFBC}") = "SpaceEscapeRoot", "Assembly-CSharp-Editor.csproj", "{6D833E7B-1261-0796-1A44-C1A590F87F42}"
EndProject
Global
	GlobalSection(SolutionConfigurationPlatforms) = preSolution
		Debug|Any CPU = Debug|Any CPU
		Release|Any CPU = Release|Any CPU
	EndGlobalSection
	GlobalSection(ProjectConfigurationPlatforms) = postSolution
		{21BD5E8F-84F2-04F2-696E-AF40D765006E}.Debug|Any CPU.ActiveCfg = Debug|Any CPU
		{21BD5E8F-84F2-04F2-696E-AF40D765006E}.Debug|Any CPU.Build.0 = Debug|Any CPU
		{21BD5E8F-84F2-04F2-696E-AF40D765006E}.Release|Any CPU.ActiveCfg = Release|Any CPU
		{21BD5E8F-84F2-04F2-696E-AF40D765006E}.Release|Any CPU.Build.0 = Release|Any CPU
		{6D833E7B-1261-0796-1A44-C1A590F87F42}.Debug|Any CPU.ActiveCfg = Debug|Any CPU
		{6D833E7B-1261-0796-1A44-C1A590F87F42}.Debug|Any CPU.Build.0 = Debug|Any CPU
		{6D833E7B-1261-0796-1A44-C1A590F87F42}.Release|Any CPU.ActiveCfg = Release|Any CPU
		{6D833E7B-1261-0796-1A44-C1A590F87F42}.Release|Any CPU.Build.0 = Release|Any CPU
	EndGlobalSection
	GlobalSection(SolutionProperties) = preSolution
		HideSolutionNode = FALSE
	EndGlobalSection
	GlobalSection(MonoDevelopProperties) = preSolution
		StartupItem = Assembly-CSharp.csproj
	EndGlobalSection
EndGlobal
